<?xml version="1.0" encoding="utf-8"?>
<Project xmlns="http://schemas.microsoft.com/developer/msbuild/2003">
  <ItemGroup>
    <Filter Include="Form Files">
      <UniqueIdentifier>{99349809-55BA-4b9d-BF79-8FDBB0286EB3}</UniqueIdentifier>
      <Extensions>ui</Extensions>
      <ParseFiles>false</ParseFiles>
    </Filter>
    <Filter Include="Form Files">
      <UniqueIdentifier>{99349809-55BA-4b9d-BF79-8FDBB0286EB3}</UniqueIdentifier>
      <Extensions>ui</Extensions>
      <ParseFiles>false</ParseFiles>
    </Filter>
    <Filter Include="Generated Files">
      <UniqueIdentifier>{71ED8ED8-ACB9-4CE9-BBE1-E00B30144E11}</UniqueIdentifier>
      <Extensions>cpp;c;cxx;moc;h;def;odl;idl;res;</Extensions>
    </Filter>
    <Filter Include="Generated Files">
      <UniqueIdentifier>{71ED8ED8-ACB9-4CE9-BBE1-E00B30144E11}</UniqueIdentifier>
      <Extensions>cpp;c;cxx;moc;h;def;odl;idl;res;</Extensions>
    </Filter>
    <Filter Include="Header Files">
      <UniqueIdentifier>{93995380-89BD-4b04-88EB-625FBE52EBFB}</UniqueIdentifier>
      <Extensions>h;hpp;hxx;hm;inl;inc;xsd</Extensions>
    </Filter>
    <Filter Include="Header Files">
      <UniqueIdentifier>{93995380-89BD-4b04-88EB-625FBE52EBFB}</UniqueIdentifier>
      <Extensions>h;hpp;hxx;hm;inl;inc;xsd</Extensions>
    </Filter>
    <Filter Include="Source Files">
      <UniqueIdentifier>{4FC737F1-C7A5-4376-A066-2A32D752A2FF}</UniqueIdentifier>
      <Extensions>cpp;c;cxx;def;odl;idl;hpj;bat;asm;asmx</Extensions>
    </Filter>
    <Filter Include="Source Files">
      <UniqueIdentifier>{4FC737F1-C7A5-4376-A066-2A32D752A2FF}</UniqueIdentifier>
      <Extensions>cpp;c;cxx;def;odl;idl;hpj;bat;asm;asmx</Extensions>
    </Filter>
  </ItemGroup>
  <ItemGroup>
    <ClCompile Include="Agent\controller.cpp">
      <Filter>Source Files</Filter>
    </ClCompile>
    <ClCompile Include="Agent\controller3d.cpp">
      <Filter>Source Files</Filter>
    </ClCompile>
    <ClCompile Include="Agent\fish.cpp">
      <Filter>Source Files</Filter>
    </ClCompile>
    <ClCompile Include="Core\fishtank.cpp">
      <Filter>Source Files</Filter>
    </ClCompile>
    <ClCompile Include="Agent\function.cpp">
      <Filter>Source Files</Filter>
    </ClCompile>
    <ClCompile Include="globalconstants.cpp">
      <Filter>Source Files</Filter>
    </ClCompile>
    <ClCompile Include="main.cpp">
      <Filter>Source Files</Filter>
    </ClCompile>
    <ClCompile Include="mainwindow.cpp">
      <Filter>Source Files</Filter>
    </ClCompile>
    <ClCompile Include="Agent\modelconstants.cpp">
      <Filter>Source Files</Filter>
    </ClCompile>
    <ClCompile Include="Core\obstacle.cpp">
      <Filter>Source Files</Filter>
    </ClCompile>
    <ClCompile Include="parser.cpp">
      <Filter>Source Files</Filter>
    </ClCompile>
    <ClCompile Include="Agent\replaycontroller.cpp">
      <Filter>Source Files</Filter>
    </ClCompile>
    <ClCompile Include="Core\simulator.cpp">
      <Filter>Source Files</Filter>
    </ClCompile>
    <ClCompile Include="Graphics\sprite.cpp">
      <Filter>Source Files</Filter>
    </ClCompile>
    <ClCompile Include="Graphics\spritebackground.cpp">
      <Filter>Source Files</Filter>
    </ClCompile>
    <ClCompile Include="Graphics\spritecenter.cpp">
      <Filter>Source Files</Filter>
    </ClCompile>
    <ClCompile Include="Graphics\spritefish.cpp">
      <Filter>Source Files</Filter>
    </ClCompile>
    <ClCompile Include="Graphics\spritegrid.cpp">
      <Filter>Source Files</Filter>
    </ClCompile>
    <ClCompile Include="Graphics\spriteobstacle.cpp">
      <Filter>Source Files</Filter>
    </ClCompile>
    <ClCompile Include="Graphics\spriteplainbackground.cpp">
      <Filter>Source Files</Filter>
    </ClCompile>
    <ClCompile Include="Graphics\spritetank.cpp">
      <Filter>Source Files</Filter>
    </ClCompile>
    <ClCompile Include="Agent\udpreceiver.cpp">
      <Filter>Source Files</Filter>
    </ClCompile>
    <ClCompile Include="utils.cpp">
      <Filter>Source Files</Filter>
    </ClCompile>
    <ClCompile Include="Graphics\viewmodifier.cpp">
      <Filter>Source Files</Filter>
    </ClCompile>
    <ClCompile Include="Core\wall.cpp">
      <Filter>Source Files</Filter>
    </ClCompile>
  </ItemGroup>
  <ItemGroup>
    <ClInclude Include="Agent\controller.h">
      <Filter>Header Files</Filter>
    </ClInclude>
    <ClInclude Include="Agent\controller3d.h">
      <Filter>Header Files</Filter>
    </ClInclude>
    <ClInclude Include="Agent\fish.h">
      <Filter>Header Files</Filter>
    </ClInclude>
    <ClInclude Include="Core\fishtank.h">
      <Filter>Header Files</Filter>
    </ClInclude>
    <ClInclude Include="Agent\function.h">
      <Filter>Header Files</Filter>
    </ClInclude>
    <ClInclude Include="globalconstants.h">
      <Filter>Header Files</Filter>
    </ClInclude>
    <ClInclude Include="Graphics\graphicconstants.h">
      <Filter>Header Files</Filter>
    </ClInclude>
    <QtMoc Include="mainwindow.h">
      <Filter>Header Files</Filter>
    </QtMoc>
    <ClInclude Include="Agent\modelconstants.h">
      <Filter>Header Files</Filter>
    </ClInclude>
    <ClInclude Include="Core\obstacle.h">
      <Filter>Header Files</Filter>
    </ClInclude>
    <ClInclude Include="parser.h">
      <Filter>Header Files</Filter>
    </ClInclude>
    <ClInclude Include="Agent\replaycontroller.h">
      <Filter>Header Files</Filter>
    </ClInclude>
    <ClInclude Include="Core\simulator.h">
      <Filter>Header Files</Filter>
    </ClInclude>
    <ClInclude Include="Graphics\sprite.h">
      <Filter>Header Files</Filter>
    </ClInclude>
    <ClInclude Include="Graphics\spritebackground.h">
      <Filter>Header Files</Filter>
    </ClInclude>
    <ClInclude Include="Graphics\spritecenter.h">
      <Filter>Header Files</Filter>
    </ClInclude>
    <ClInclude Include="Graphics\spritefish.h">
      <Filter>Header Files</Filter>
    </ClInclude>
    <ClInclude Include="Graphics\spritegrid.h">
      <Filter>Header Files</Filter>
    </ClInclude>
    <ClInclude Include="Graphics\spriteobstacle.h">
      <Filter>Header Files</Filter>
    </ClInclude>
    <ClInclude Include="Graphics\spriteplainbackground.h">
      <Filter>Header Files</Filter>
    </ClInclude>
    <ClInclude Include="Graphics\spritetank.h">
      <Filter>Header Files</Filter>
    </ClInclude>
    <ClInclude Include="Agent\udpreceiver.h">
      <Filter>Header Files</Filter>
    </ClInclude>
    <ClInclude Include="utils.h">
      <Filter>Header Files</Filter>
    </ClInclude>
    <ClInclude Include="Graphics\viewmodifier.h">
      <Filter>Header Files</Filter>
    </ClInclude>
    <ClInclude Include="Core\wall.h">
      <Filter>Header Files</Filter>
    </ClInclude>
  </ItemGroup>
  <ItemGroup>
    
    
    <CustomBuild Include="debug\moc_predefs.h.cbt">
      <Filter>Generated Files</Filter>
    </CustomBuild>
    <CustomBuild Include="release\moc_predefs.h.cbt">
      <Filter>Generated Files</Filter>
    </CustomBuild>
    
  </ItemGroup>
  <ItemGroup>
    <QtUic Include="mainwindow.ui">
      <Filter>Form Files</Filter>
    </QtUic>
  </ItemGroup>
</Project>